
Microsoft Visual Studio Solution File, Format Version 12.00
# Visual Studio 2013
VisualStudioVersion = 12.0.40629.0
MinimumVisualStudioVersion = 10.0.40219.1
Project("{8BC9CEB8-8B4A-11D0-8D11-00A0C91BC942}") = "Project1", "Project1\Project1.vcxproj", "{75AD87EC-E34F-46B0-A035-B0CEC025CC86}"
EndProject
Global
	GlobalSection(SolutionConfigurationPlatforms) = preSolution
		Debug|Win32 = Debug|Win32
		Release|Win32 = Release|Win32
	EndGlobalSection
	GlobalSection(ProjectConfigurationPlatforms) = postSolution
		{75AD87EC-E34F-46B0-A035-B0CEC025CC86}.Debug|Win32.ActiveCfg = Debug|Win32
		{75AD87EC-E34F-46B0-A035-B0CEC025CC86}.Debug|Win32.Build.0 = Debug|Win32
		{75AD87EC-E34F-46B0-A035-B0CEC025CC86}.Release|Win32.ActiveCfg = Release|Win32
		{75AD87EC-E34F-46B0-A035-B0CEC025CC86}.Release|Win32.Build.0 = Release|Win32
	EndGlobalSection
	GlobalSection(SolutionProperties) = preSolution
		HideSolutionNode = FALSE
	EndGlobalSection
EndGlobal
